
Microsoft Visual Studio Solution File, Format Version 12.00
# Visual Studio 14
VisualStudioVersion = 14.0.25123.0
MinimumVisualStudioVersion = 10.0.40219.1
Project("{FAE04EC0-301F-11D3-BF4B-00C04F79EFBC}") = "PokemonGoScanner", "PokemonGoScanner\PokemonGoScanner.csproj", "{A4EED102-C037-471D-B68B-039C5073E947}"
EndProject
Project("{CC5FD16D-436D-48AD-A40C-5A424C6E3E79}") = "ScannerService", "ScannerService\ScannerService.ccproj", "{F29393FB-886D-4D66-8C99-91C4B483D269}"
EndProject
Project("{FAE04EC0-301F-11D3-BF4B-00C04F79EFBC}") = "ScannerWorkerRole", "ScannerWorkerRole\ScannerWorkerRole.csproj", "{4985C797-26B7-477D-9EDD-0E46AC3B7EBA}"
EndProject
Project("{00D1A9C2-B5F0-4AF3-8072-F6C62B433612}") = "PokemonGoScannerDb", "PokemonGoScannerDb\PokemonGoScannerDb.sqlproj", "{418650FD-DDD2-4E98-A5BD-7D13CB7F428B}"
EndProject
Project("{FAE04EC0-301F-11D3-BF4B-00C04F79EFBC}") = "AppModels", "AppModels\AppModels.csproj", "{822B1CC0-B481-434E-B50A-4083F39F0C52}"
EndProject
Project("{FAE04EC0-301F-11D3-BF4B-00C04F79EFBC}") = "ScannerWebRole", "ScannerWebRole\ScannerWebRole.csproj", "{8F5CA2A6-947B-4AB8-9DC8-C46BF808552A}"
EndProject
Global
	GlobalSection(SolutionConfigurationPlatforms) = preSolution
		Debug|Any CPU = Debug|Any CPU
		Release|Any CPU = Release|Any CPU
	EndGlobalSection
	GlobalSection(ProjectConfigurationPlatforms) = postSolution
		{A4EED102-C037-471D-B68B-039C5073E947}.Debug|Any CPU.ActiveCfg = Debug|Any CPU
		{A4EED102-C037-471D-B68B-039C5073E947}.Debug|Any CPU.Build.0 = Debug|Any CPU
		{A4EED102-C037-471D-B68B-039C5073E947}.Release|Any CPU.ActiveCfg = Release|Any CPU
		{A4EED102-C037-471D-B68B-039C5073E947}.Release|Any CPU.Build.0 = Release|Any CPU
		{F29393FB-886D-4D66-8C99-91C4B483D269}.Debug|Any CPU.ActiveCfg = Debug|Any CPU
		{F29393FB-886D-4D66-8C99-91C4B483D269}.Debug|Any CPU.Build.0 = Debug|Any CPU
		{F29393FB-886D-4D66-8C99-91C4B483D269}.Release|Any CPU.ActiveCfg = Release|Any CPU
		{F29393FB-886D-4D66-8C99-91C4B483D269}.Release|Any CPU.Build.0 = Release|Any CPU
		{4985C797-26B7-477D-9EDD-0E46AC3B7EBA}.Debug|Any CPU.ActiveCfg = Debug|Any CPU
		{4985C797-26B7-477D-9EDD-0E46AC3B7EBA}.Debug|Any CPU.Build.0 = Debug|Any CPU
		{4985C797-26B7-477D-9EDD-0E46AC3B7EBA}.Release|Any CPU.ActiveCfg = Release|Any CPU
		{4985C797-26B7-477D-9EDD-0E46AC3B7EBA}.Release|Any CPU.Build.0 = Release|Any CPU
		{418650FD-DDD2-4E98-A5BD-7D13CB7F428B}.Debug|Any CPU.ActiveCfg = Debug|Any CPU
		{418650FD-DDD2-4E98-A5BD-7D13CB7F428B}.Debug|Any CPU.Build.0 = Debug|Any CPU
		{418650FD-DDD2-4E98-A5BD-7D13CB7F428B}.Debug|Any CPU.Deploy.0 = Debug|Any CPU
		{418650FD-DDD2-4E98-A5BD-7D13CB7F428B}.Release|Any CPU.ActiveCfg = Release|Any CPU
		{418650FD-DDD2-4E98-A5BD-7D13CB7F428B}.Release|Any CPU.Build.0 = Release|Any CPU
		{418650FD-DDD2-4E98-A5BD-7D13CB7F428B}.Release|Any CPU.Deploy.0 = Release|Any CPU
		{822B1CC0-B481-434E-B50A-4083F39F0C52}.Debug|Any CPU.ActiveCfg = Debug|Any CPU
		{822B1CC0-B481-434E-B50A-4083F39F0C52}.Debug|Any CPU.Build.0 = Debug|Any CPU
		{822B1CC0-B481-434E-B50A-4083F39F0C52}.Release|Any CPU.ActiveCfg = Release|Any CPU
		{822B1CC0-B481-434E-B50A-4083F39F0C52}.Release|Any CPU.Build.0 = Release|Any CPU
		{8F5CA2A6-947B-4AB8-9DC8-C46BF808552A}.Debug|Any CPU.ActiveCfg = Debug|Any CPU
		{8F5CA2A6-947B-4AB8-9DC8-C46BF808552A}.Debug|Any CPU.Build.0 = Debug|Any CPU
		{8F5CA2A6-947B-4AB8-9DC8-C46BF808552A}.Release|Any CPU.ActiveCfg = Release|Any CPU
		{8F5CA2A6-947B-4AB8-9DC8-C46BF808552A}.Release|Any CPU.Build.0 = Release|Any CPU
	EndGlobalSection
	GlobalSection(SolutionProperties) = preSolution
		HideSolutionNode = FALSE
	EndGlobalSection
	GlobalSection(ExtensibilityGlobals) = postSolution
		EnterpriseLibraryConfigurationToolBinariesPathV6 = packages\EnterpriseLibrary.TransientFaultHandling.6.0.1304.0\lib\portable-net45+win+wp8;packages\EnterpriseLibrary.TransientFaultHandling.Data.6.0.1304.1\lib\NET45
	EndGlobalSection
EndGlobal
